
Microsoft Visual Studio Solution File, Format Version 12.00
# Visual Studio Version 16
VisualStudioVersion = 16.0.31624.102
MinimumVisualStudioVersion = 10.0.40219.1
Project("{FAE04EC0-301F-11D3-BF4B-00C04F79EFBC}") = "ToDoWebApi", "ToDoWebApi\ToDoWebApi.csproj", "{53695C09-13B2-4D9D-9394-00521C1276EA}"
EndProject
Global
	GlobalSection(SolutionConfigurationPlatforms) = preSolution
		Debug|Any CPU = Debug|Any CPU
		Release|Any CPU = Release|Any CPU
	EndGlobalSection
	GlobalSection(ProjectConfigurationPlatforms) = postSolution
		{53695C09-13B2-4D9D-9394-00521C1276EA}.Debug|Any CPU.ActiveCfg = Debug|Any CPU
		{53695C09-13B2-4D9D-9394-00521C1276EA}.Debug|Any CPU.Build.0 = Debug|Any CPU
		{53695C09-13B2-4D9D-9394-00521C1276EA}.Release|Any CPU.ActiveCfg = Release|Any CPU
		{53695C09-13B2-4D9D-9394-00521C1276EA}.Release|Any CPU.Build.0 = Release|Any CPU
	EndGlobalSection
	GlobalSection(SolutionProperties) = preSolution
		HideSolutionNode = FALSE
	EndGlobalSection
	GlobalSection(ExtensibilityGlobals) = postSolution
		SolutionGuid = {D952C0E3-2C18-467A-B089-8D1D08C9A094}
	EndGlobalSection
EndGlobal
